
Microsoft Visual Studio Solution File, Format Version 12.00
# Visual Studio Version 17
VisualStudioVersion = 17.11.35312.102
MinimumVisualStudioVersion = 10.0.40219.1
Project("{FAE04EC0-301F-11D3-BF4B-00C04F79EFBC}") = "GestorDeTareas", "GestorDeTareas.csproj", "{37A03B5D-EB2D-4E71-BD22-C81406C4ED50}"
EndProject
Global
	GlobalSection(SolutionConfigurationPlatforms) = preSolution
		Debug|Any CPU = Debug|Any CPU
		Release|Any CPU = Release|Any CPU
	EndGlobalSection
	GlobalSection(ProjectConfigurationPlatforms) = postSolution
		{37A03B5D-EB2D-4E71-BD22-C81406C4ED50}.Debug|Any CPU.ActiveCfg = Debug|Any CPU
		{37A03B5D-EB2D-4E71-BD22-C81406C4ED50}.Debug|Any CPU.Build.0 = Debug|Any CPU
		{37A03B5D-EB2D-4E71-BD22-C81406C4ED50}.Release|Any CPU.ActiveCfg = Release|Any CPU
		{37A03B5D-EB2D-4E71-BD22-C81406C4ED50}.Release|Any CPU.Build.0 = Release|Any CPU
	EndGlobalSection
	GlobalSection(SolutionProperties) = preSolution
		HideSolutionNode = FALSE
	EndGlobalSection
	GlobalSection(ExtensibilityGlobals) = postSolution
		SolutionGuid = {CF16D897-BE89-4ED9-813E-65EFF3D63175}
	EndGlobalSection
EndGlobal
